<?xml version="1.0" encoding="UTF-8" standalone="yes" ?>
<CodeBlocks_project_file>
	<FileVersion major="1" minor="6" />
	<Project>
		<Option title="test" />
		<Option platforms="Unix;" />
		<Option pch_mode="2" />
		<Option compiler="gcc" />
		<Build>
			<Target title="Debug">
				<Option output="../bin/Debug/test" prefix_auto="1" extension_auto="1" />
				<Option object_output="obj/Debug/" />
				<Option external_deps="../../lib/Debug/libnoisepp.a;" />
				<Option type="1" />
				<Option compiler="gcc" />
				<Compiler>
					<Add option="-g" />
				</Compiler>
				<Linker>
					<Add directory="../../lib/Debug" />
				</Linker>
			</Target>
			<Target title="Release">
				<Option output="../bin/Release/test" prefix_auto="1" extension_auto="1" />
				<Option object_output="obj/Release/" />
				<Option external_deps="../../lib/Release/libnoisepp.a;" />
				<Option type="1" />
				<Option compiler="gcc" />
				<Compiler>
					<Add option="-O3" />
					<Add option="-funroll-loops -ffast-math" />
				</Compiler>
				<Linker>
					<Add option="-s" />
					<Add directory="../../lib/Release" />
				</Linker>
			</Target>
		</Build>
		<Compiler>
			<Add option="-Wall" />
			<Add option="-fexceptions" />
			<Add option="-DCOMPARE_WITH_LIBNOISE" />
			<Add directory="../../noisepp/core" />
			<Add directory="../../noisepp/threadpp" />
			<Add directory="../../noisepp/utils" />
		</Compiler>
		<Linker>
			<Add library="rt" />
			<Add library="libnoise" />
			<Add library="noisepp" />
		</Linker>
		<Unit filename="main.cpp" />
		<Extensions>
			<code_completion />
			<envvars />
			<debugger />
			<lib_finder disable_auto="1" />
		</Extensions>
	</Project>
</CodeBlocks_project_file>
